
Microsoft Visual Studio Solution File, Format Version 12.00
# Visual Studio Version 16
VisualStudioVersion = 16.0.31402.337
MinimumVisualStudioVersion = 10.0.40219.1
Project("{9A19103F-16F7-4668-BE54-9A1E7A4F7556}") = "P03_SalesDatabase", "P03_SalesDatabase\P03_SalesDatabase.csproj", "{367FCBCE-0AB5-4521-955A-CE0DD78E70F0}"
EndProject
Project("{FAE04EC0-301F-11D3-BF4B-00C04F79EFBC}") = "P01_HospitalDatabase", "P01_HospitalDatabase\P01_HospitalDatabase.csproj", "{F2C60915-0DC6-4A57-837F-AAC0A771C910}"
EndProject
Global
	GlobalSection(SolutionConfigurationPlatforms) = preSolution
		Debug|Any CPU = Debug|Any CPU
		Release|Any CPU = Release|Any CPU
	EndGlobalSection
	GlobalSection(ProjectConfigurationPlatforms) = postSolution
		{367FCBCE-0AB5-4521-955A-CE0DD78E70F0}.Debug|Any CPU.ActiveCfg = Debug|Any CPU
		{367FCBCE-0AB5-4521-955A-CE0DD78E70F0}.Debug|Any CPU.Build.0 = Debug|Any CPU
		{367FCBCE-0AB5-4521-955A-CE0DD78E70F0}.Release|Any CPU.ActiveCfg = Release|Any CPU
		{367FCBCE-0AB5-4521-955A-CE0DD78E70F0}.Release|Any CPU.Build.0 = Release|Any CPU
		{F2C60915-0DC6-4A57-837F-AAC0A771C910}.Debug|Any CPU.ActiveCfg = Debug|Any CPU
		{F2C60915-0DC6-4A57-837F-AAC0A771C910}.Debug|Any CPU.Build.0 = Debug|Any CPU
		{F2C60915-0DC6-4A57-837F-AAC0A771C910}.Release|Any CPU.ActiveCfg = Release|Any CPU
		{F2C60915-0DC6-4A57-837F-AAC0A771C910}.Release|Any CPU.Build.0 = Release|Any CPU
	EndGlobalSection
	GlobalSection(SolutionProperties) = preSolution
		HideSolutionNode = FALSE
	EndGlobalSection
	GlobalSection(ExtensibilityGlobals) = postSolution
		SolutionGuid = {1F3D4DE7-1486-40DD-B52A-F1C9B3E45719}
	EndGlobalSection
EndGlobal
