
Microsoft Visual Studio Solution File, Format Version 12.00
# Visual Studio Version 16
VisualStudioVersion = 16.0.31005.135
MinimumVisualStudioVersion = 10.0.40219.1
Project("{FAE04EC0-301F-11D3-BF4B-00C04F79EFBC}") = "05ExtractEmails", "05ExtractEmails\05ExtractEmails.csproj", "{609AA5FB-8B24-4FE7-88B4-1DC292201E77}"
EndProject
Project("{FAE04EC0-301F-11D3-BF4B-00C04F79EFBC}") = "01WinningTicket", "01WinningTicket\01WinningTicket.csproj", "{2630309D-B17B-42EE-ADCC-E4FE36010CE5}"
EndProject
Project("{FAE04EC0-301F-11D3-BF4B-00C04F79EFBC}") = "02RageQuit", "02RageQuit\02RageQuit.csproj", "{FB633B8F-1A7C-4AFD-82F0-D1EA0086E7EC}"
EndProject
Project("{FAE04EC0-301F-11D3-BF4B-00C04F79EFBC}") = "03PostOffice", "03PostOffice\03PostOffice.csproj", "{D556E677-022A-4EFF-8CA0-10F1AEDAE446}"
EndProject
Project("{FAE04EC0-301F-11D3-BF4B-00C04F79EFBC}") = "04SantasSecretHelper", "04SantasSecretHelper\04SantasSecretHelper.csproj", "{906BA6B3-A497-45CD-8752-E03E43431F88}"
EndProject
Global
	GlobalSection(SolutionConfigurationPlatforms) = preSolution
		Debug|Any CPU = Debug|Any CPU
		Release|Any CPU = Release|Any CPU
	EndGlobalSection
	GlobalSection(ProjectConfigurationPlatforms) = postSolution
		{609AA5FB-8B24-4FE7-88B4-1DC292201E77}.Debug|Any CPU.ActiveCfg = Debug|Any CPU
		{609AA5FB-8B24-4FE7-88B4-1DC292201E77}.Debug|Any CPU.Build.0 = Debug|Any CPU
		{609AA5FB-8B24-4FE7-88B4-1DC292201E77}.Release|Any CPU.ActiveCfg = Release|Any CPU
		{609AA5FB-8B24-4FE7-88B4-1DC292201E77}.Release|Any CPU.Build.0 = Release|Any CPU
		{2630309D-B17B-42EE-ADCC-E4FE36010CE5}.Debug|Any CPU.ActiveCfg = Debug|Any CPU
		{2630309D-B17B-42EE-ADCC-E4FE36010CE5}.Debug|Any CPU.Build.0 = Debug|Any CPU
		{2630309D-B17B-42EE-ADCC-E4FE36010CE5}.Release|Any CPU.ActiveCfg = Release|Any CPU
		{2630309D-B17B-42EE-ADCC-E4FE36010CE5}.Release|Any CPU.Build.0 = Release|Any CPU
		{FB633B8F-1A7C-4AFD-82F0-D1EA0086E7EC}.Debug|Any CPU.ActiveCfg = Debug|Any CPU
		{FB633B8F-1A7C-4AFD-82F0-D1EA0086E7EC}.Debug|Any CPU.Build.0 = Debug|Any CPU
		{FB633B8F-1A7C-4AFD-82F0-D1EA0086E7EC}.Release|Any CPU.ActiveCfg = Release|Any CPU
		{FB633B8F-1A7C-4AFD-82F0-D1EA0086E7EC}.Release|Any CPU.Build.0 = Release|Any CPU
		{D556E677-022A-4EFF-8CA0-10F1AEDAE446}.Debug|Any CPU.ActiveCfg = Debug|Any CPU
		{D556E677-022A-4EFF-8CA0-10F1AEDAE446}.Debug|Any CPU.Build.0 = Debug|Any CPU
		{D556E677-022A-4EFF-8CA0-10F1AEDAE446}.Release|Any CPU.ActiveCfg = Release|Any CPU
		{D556E677-022A-4EFF-8CA0-10F1AEDAE446}.Release|Any CPU.Build.0 = Release|Any CPU
		{906BA6B3-A497-45CD-8752-E03E43431F88}.Debug|Any CPU.ActiveCfg = Debug|Any CPU
		{906BA6B3-A497-45CD-8752-E03E43431F88}.Debug|Any CPU.Build.0 = Debug|Any CPU
		{906BA6B3-A497-45CD-8752-E03E43431F88}.Release|Any CPU.ActiveCfg = Release|Any CPU
		{906BA6B3-A497-45CD-8752-E03E43431F88}.Release|Any CPU.Build.0 = Release|Any CPU
	EndGlobalSection
	GlobalSection(SolutionProperties) = preSolution
		HideSolutionNode = FALSE
	EndGlobalSection
	GlobalSection(ExtensibilityGlobals) = postSolution
		SolutionGuid = {15CB8292-54A8-4734-84B1-DFB8D0E4D6D3}
	EndGlobalSection
EndGlobal
