
Microsoft Visual Studio Solution File, Format Version 12.00
# Visual Studio Version 16
VisualStudioVersion = 16.0.31005.135
MinimumVisualStudioVersion = 10.0.40219.1
Project("{9A19103F-16F7-4668-BE54-9A1E7A4F7556}") = "01ActivationKeys", "01ActivationKeys\01ActivationKeys.csproj", "{601411F6-0601-49DA-AC4C-A63C382372F2}"
EndProject
Project("{9A19103F-16F7-4668-BE54-9A1E7A4F7556}") = "02EmojiDetector", "02EmojiDetector\02EmojiDetector.csproj", "{3E343F03-0F9F-4ABD-BE70-5B8F1982117B}"
EndProject
Project("{FAE04EC0-301F-11D3-BF4B-00C04F79EFBC}") = "03Pirates", "03Pirates\03Pirates.csproj", "{82E4FDF3-7465-4206-9155-0B22439F891E}"
EndProject
Global
	GlobalSection(SolutionConfigurationPlatforms) = preSolution
		Debug|Any CPU = Debug|Any CPU
		Release|Any CPU = Release|Any CPU
	EndGlobalSection
	GlobalSection(ProjectConfigurationPlatforms) = postSolution
		{601411F6-0601-49DA-AC4C-A63C382372F2}.Debug|Any CPU.ActiveCfg = Debug|Any CPU
		{601411F6-0601-49DA-AC4C-A63C382372F2}.Debug|Any CPU.Build.0 = Debug|Any CPU
		{601411F6-0601-49DA-AC4C-A63C382372F2}.Release|Any CPU.ActiveCfg = Release|Any CPU
		{601411F6-0601-49DA-AC4C-A63C382372F2}.Release|Any CPU.Build.0 = Release|Any CPU
		{3E343F03-0F9F-4ABD-BE70-5B8F1982117B}.Debug|Any CPU.ActiveCfg = Debug|Any CPU
		{3E343F03-0F9F-4ABD-BE70-5B8F1982117B}.Debug|Any CPU.Build.0 = Debug|Any CPU
		{3E343F03-0F9F-4ABD-BE70-5B8F1982117B}.Release|Any CPU.ActiveCfg = Release|Any CPU
		{3E343F03-0F9F-4ABD-BE70-5B8F1982117B}.Release|Any CPU.Build.0 = Release|Any CPU
		{82E4FDF3-7465-4206-9155-0B22439F891E}.Debug|Any CPU.ActiveCfg = Debug|Any CPU
		{82E4FDF3-7465-4206-9155-0B22439F891E}.Debug|Any CPU.Build.0 = Debug|Any CPU
		{82E4FDF3-7465-4206-9155-0B22439F891E}.Release|Any CPU.ActiveCfg = Release|Any CPU
		{82E4FDF3-7465-4206-9155-0B22439F891E}.Release|Any CPU.Build.0 = Release|Any CPU
	EndGlobalSection
	GlobalSection(SolutionProperties) = preSolution
		HideSolutionNode = FALSE
	EndGlobalSection
	GlobalSection(ExtensibilityGlobals) = postSolution
		SolutionGuid = {E2732B8C-A328-4734-8133-8E56BCE6C18A}
	EndGlobalSection
EndGlobal
