
Microsoft Visual Studio Solution File, Format Version 12.00
# Visual Studio Version 16
VisualStudioVersion = 16.0.31112.23
MinimumVisualStudioVersion = 10.0.40219.1
Project("{FAE04EC0-301F-11D3-BF4B-00C04F79EFBC}") = "01Lootbox", "01Lootbox\01Lootbox.csproj", "{4A7FB49B-E790-4059-AEEB-8022E91DF099}"
EndProject
Project("{FAE04EC0-301F-11D3-BF4B-00C04F79EFBC}") = "02Re-Volt", "02Re-Volt\02Re-Volt.csproj", "{58E1087E-6FC7-483C-B5D6-2DD4F0B6AA28}"
EndProject
Project("{FAE04EC0-301F-11D3-BF4B-00C04F79EFBC}") = "03Guild", "03Guild\03Guild.csproj", "{0402F39A-112F-45AE-BB50-454AC7D34634}"
EndProject
Global
	GlobalSection(SolutionConfigurationPlatforms) = preSolution
		Debug|Any CPU = Debug|Any CPU
		Release|Any CPU = Release|Any CPU
	EndGlobalSection
	GlobalSection(ProjectConfigurationPlatforms) = postSolution
		{4A7FB49B-E790-4059-AEEB-8022E91DF099}.Debug|Any CPU.ActiveCfg = Debug|Any CPU
		{4A7FB49B-E790-4059-AEEB-8022E91DF099}.Debug|Any CPU.Build.0 = Debug|Any CPU
		{4A7FB49B-E790-4059-AEEB-8022E91DF099}.Release|Any CPU.ActiveCfg = Release|Any CPU
		{4A7FB49B-E790-4059-AEEB-8022E91DF099}.Release|Any CPU.Build.0 = Release|Any CPU
		{58E1087E-6FC7-483C-B5D6-2DD4F0B6AA28}.Debug|Any CPU.ActiveCfg = Debug|Any CPU
		{58E1087E-6FC7-483C-B5D6-2DD4F0B6AA28}.Debug|Any CPU.Build.0 = Debug|Any CPU
		{58E1087E-6FC7-483C-B5D6-2DD4F0B6AA28}.Release|Any CPU.ActiveCfg = Release|Any CPU
		{58E1087E-6FC7-483C-B5D6-2DD4F0B6AA28}.Release|Any CPU.Build.0 = Release|Any CPU
		{0402F39A-112F-45AE-BB50-454AC7D34634}.Debug|Any CPU.ActiveCfg = Debug|Any CPU
		{0402F39A-112F-45AE-BB50-454AC7D34634}.Debug|Any CPU.Build.0 = Debug|Any CPU
		{0402F39A-112F-45AE-BB50-454AC7D34634}.Release|Any CPU.ActiveCfg = Release|Any CPU
		{0402F39A-112F-45AE-BB50-454AC7D34634}.Release|Any CPU.Build.0 = Release|Any CPU
	EndGlobalSection
	GlobalSection(SolutionProperties) = preSolution
		HideSolutionNode = FALSE
	EndGlobalSection
	GlobalSection(ExtensibilityGlobals) = postSolution
		SolutionGuid = {9D3B6C2D-E0B3-4450-BF88-0CB6FAC3687A}
	EndGlobalSection
EndGlobal
