
Microsoft Visual Studio Solution File, Format Version 12.00
# Visual Studio Version 16
VisualStudioVersion = 16.0.31402.337
MinimumVisualStudioVersion = 10.0.40219.1
Project("{FAE04EC0-301F-11D3-BF4B-00C04F79EFBC}") = "SoftUni", "SoftUni.csproj", "{C5148DCF-4ACD-4377-AFE2-5B512C61BF47}"
EndProject
Global
	GlobalSection(SolutionConfigurationPlatforms) = preSolution
		Debug|Any CPU = Debug|Any CPU
		Release|Any CPU = Release|Any CPU
	EndGlobalSection
	GlobalSection(ProjectConfigurationPlatforms) = postSolution
		{C5148DCF-4ACD-4377-AFE2-5B512C61BF47}.Debug|Any CPU.ActiveCfg = Debug|Any CPU
		{C5148DCF-4ACD-4377-AFE2-5B512C61BF47}.Debug|Any CPU.Build.0 = Debug|Any CPU
		{C5148DCF-4ACD-4377-AFE2-5B512C61BF47}.Release|Any CPU.ActiveCfg = Release|Any CPU
		{C5148DCF-4ACD-4377-AFE2-5B512C61BF47}.Release|Any CPU.Build.0 = Release|Any CPU
	EndGlobalSection
	GlobalSection(SolutionProperties) = preSolution
		HideSolutionNode = FALSE
	EndGlobalSection
	GlobalSection(ExtensibilityGlobals) = postSolution
		SolutionGuid = {6E74EA2C-B2E4-4530-86D4-E11107E87841}
	EndGlobalSection
EndGlobal
