
Microsoft Visual Studio Solution File, Format Version 12.00
# Visual Studio Version 16
VisualStudioVersion = 16.0.30717.126
MinimumVisualStudioVersion = 10.0.40219.1
Project("{9A19103F-16F7-4668-BE54-9A1E7A4F7556}") = "01Messaging", "01Messaging\01Messaging.csproj", "{2FEBF8F0-CB1B-4595-9ED7-0E15BF4E8095}"
EndProject
Project("{FAE04EC0-301F-11D3-BF4B-00C04F79EFBC}") = "02CarRace", "02CarRace\02CarRace.csproj", "{D560CBE3-550C-4904-8465-9D2F2929DEFE}"
EndProject
Project("{FAE04EC0-301F-11D3-BF4B-00C04F79EFBC}") = "03Take-SkipRope", "03Take-SkipRope\03Take-SkipRope.csproj", "{5A9E6D73-76C3-4937-8BAF-4EBB7D8E6B55}"
EndProject
Project("{FAE04EC0-301F-11D3-BF4B-00C04F79EFBC}") = "04MixedUpLists", "04MixedUpLists\04MixedUpLists.csproj", "{248DA4E0-DCD2-4492-AA64-7D0D086F912D}"
EndProject
Project("{FAE04EC0-301F-11D3-BF4B-00C04F79EFBC}") = "05DrumSet", "05DrumSet\05DrumSet.csproj", "{583E1619-F61F-4790-B316-AB5CDDF5C7A0}"
EndProject
Global
	GlobalSection(SolutionConfigurationPlatforms) = preSolution
		Debug|Any CPU = Debug|Any CPU
		Release|Any CPU = Release|Any CPU
	EndGlobalSection
	GlobalSection(ProjectConfigurationPlatforms) = postSolution
		{2FEBF8F0-CB1B-4595-9ED7-0E15BF4E8095}.Debug|Any CPU.ActiveCfg = Debug|Any CPU
		{2FEBF8F0-CB1B-4595-9ED7-0E15BF4E8095}.Debug|Any CPU.Build.0 = Debug|Any CPU
		{2FEBF8F0-CB1B-4595-9ED7-0E15BF4E8095}.Release|Any CPU.ActiveCfg = Release|Any CPU
		{2FEBF8F0-CB1B-4595-9ED7-0E15BF4E8095}.Release|Any CPU.Build.0 = Release|Any CPU
		{D560CBE3-550C-4904-8465-9D2F2929DEFE}.Debug|Any CPU.ActiveCfg = Debug|Any CPU
		{D560CBE3-550C-4904-8465-9D2F2929DEFE}.Debug|Any CPU.Build.0 = Debug|Any CPU
		{D560CBE3-550C-4904-8465-9D2F2929DEFE}.Release|Any CPU.ActiveCfg = Release|Any CPU
		{D560CBE3-550C-4904-8465-9D2F2929DEFE}.Release|Any CPU.Build.0 = Release|Any CPU
		{5A9E6D73-76C3-4937-8BAF-4EBB7D8E6B55}.Debug|Any CPU.ActiveCfg = Debug|Any CPU
		{5A9E6D73-76C3-4937-8BAF-4EBB7D8E6B55}.Debug|Any CPU.Build.0 = Debug|Any CPU
		{5A9E6D73-76C3-4937-8BAF-4EBB7D8E6B55}.Release|Any CPU.ActiveCfg = Release|Any CPU
		{5A9E6D73-76C3-4937-8BAF-4EBB7D8E6B55}.Release|Any CPU.Build.0 = Release|Any CPU
		{248DA4E0-DCD2-4492-AA64-7D0D086F912D}.Debug|Any CPU.ActiveCfg = Debug|Any CPU
		{248DA4E0-DCD2-4492-AA64-7D0D086F912D}.Debug|Any CPU.Build.0 = Debug|Any CPU
		{248DA4E0-DCD2-4492-AA64-7D0D086F912D}.Release|Any CPU.ActiveCfg = Release|Any CPU
		{248DA4E0-DCD2-4492-AA64-7D0D086F912D}.Release|Any CPU.Build.0 = Release|Any CPU
		{583E1619-F61F-4790-B316-AB5CDDF5C7A0}.Debug|Any CPU.ActiveCfg = Debug|Any CPU
		{583E1619-F61F-4790-B316-AB5CDDF5C7A0}.Debug|Any CPU.Build.0 = Debug|Any CPU
		{583E1619-F61F-4790-B316-AB5CDDF5C7A0}.Release|Any CPU.ActiveCfg = Release|Any CPU
		{583E1619-F61F-4790-B316-AB5CDDF5C7A0}.Release|Any CPU.Build.0 = Release|Any CPU
	EndGlobalSection
	GlobalSection(SolutionProperties) = preSolution
		HideSolutionNode = FALSE
	EndGlobalSection
	GlobalSection(ExtensibilityGlobals) = postSolution
		SolutionGuid = {5513DACB-9F29-45B5-A95D-E8649E089728}
	EndGlobalSection
EndGlobal
